
Microsoft Visual Studio Solution File, Format Version 12.00
# Visual Studio Version 17
VisualStudioVersion = 17.14.36511.14 d17.14
MinimumVisualStudioVersion = 10.0.40219.1
Project("{FAE04EC0-301F-11D3-BF4B-00C04F79EFBC}") = "Praktik6.3_Rizkiiqbaltawakkal_XPPLG1", "Praktik6.3_Rizkiiqbaltawakkal_XPPLG1\Praktik6.3_Rizkiiqbaltawakkal_XPPLG1.csproj", "{39963220-726E-4991-AB20-2160E83D728D}"
EndProject
Global
	GlobalSection(SolutionConfigurationPlatforms) = preSolution
		Debug|Any CPU = Debug|Any CPU
		Release|Any CPU = Release|Any CPU
	EndGlobalSection
	GlobalSection(ProjectConfigurationPlatforms) = postSolution
		{39963220-726E-4991-AB20-2160E83D728D}.Debug|Any CPU.ActiveCfg = Debug|Any CPU
		{39963220-726E-4991-AB20-2160E83D728D}.Debug|Any CPU.Build.0 = Debug|Any CPU
		{39963220-726E-4991-AB20-2160E83D728D}.Release|Any CPU.ActiveCfg = Release|Any CPU
		{39963220-726E-4991-AB20-2160E83D728D}.Release|Any CPU.Build.0 = Release|Any CPU
	EndGlobalSection
	GlobalSection(SolutionProperties) = preSolution
		HideSolutionNode = FALSE
	EndGlobalSection
	GlobalSection(ExtensibilityGlobals) = postSolution
		SolutionGuid = {0F7DF81D-9363-4F08-B011-84CCDBA7A176}
	EndGlobalSection
EndGlobal
