
Microsoft Visual Studio Solution File, Format Version 12.00
# Visual Studio Version 17
VisualStudioVersion = 17.14.36511.14 d17.14
MinimumVisualStudioVersion = 10.0.40219.1
Project("{FAE04EC0-301F-11D3-BF4B-00C04F79EFBC}") = "Tugas6.1_RIzkiiqbaltawakkal_XPPLG1", "Tugas6.1_RIzkiiqbaltawakkal_XPPLG1\Tugas6.1_RIzkiiqbaltawakkal_XPPLG1.csproj", "{4FA282B7-DBFF-43C6-9525-24336E876CC8}"
EndProject
Global
	GlobalSection(SolutionConfigurationPlatforms) = preSolution
		Debug|Any CPU = Debug|Any CPU
		Release|Any CPU = Release|Any CPU
	EndGlobalSection
	GlobalSection(ProjectConfigurationPlatforms) = postSolution
		{4FA282B7-DBFF-43C6-9525-24336E876CC8}.Debug|Any CPU.ActiveCfg = Debug|Any CPU
		{4FA282B7-DBFF-43C6-9525-24336E876CC8}.Debug|Any CPU.Build.0 = Debug|Any CPU
		{4FA282B7-DBFF-43C6-9525-24336E876CC8}.Release|Any CPU.ActiveCfg = Release|Any CPU
		{4FA282B7-DBFF-43C6-9525-24336E876CC8}.Release|Any CPU.Build.0 = Release|Any CPU
	EndGlobalSection
	GlobalSection(SolutionProperties) = preSolution
		HideSolutionNode = FALSE
	EndGlobalSection
	GlobalSection(ExtensibilityGlobals) = postSolution
		SolutionGuid = {DC9FAEC0-9D57-402E-A546-34078254A9C8}
	EndGlobalSection
EndGlobal
