
Microsoft Visual Studio Solution File, Format Version 12.00
# Visual Studio Version 17
VisualStudioVersion = 17.14.36511.14 d17.14
MinimumVisualStudioVersion = 10.0.40219.1
Project("{FAE04EC0-301F-11D3-BF4B-00C04F79EFBC}") = "Praktik 4.1_Rizkiiqbaltawakkal_XPPLG1", "Praktik 4.1_Rizkiiqbaltawakkal_XPPLG1\Praktik 4.1_Rizkiiqbaltawakkal_XPPLG1.csproj", "{90B68EAF-AA05-4C1B-8299-5207CDD3833A}"
EndProject
Global
	GlobalSection(SolutionConfigurationPlatforms) = preSolution
		Debug|Any CPU = Debug|Any CPU
		Release|Any CPU = Release|Any CPU
	EndGlobalSection
	GlobalSection(ProjectConfigurationPlatforms) = postSolution
		{90B68EAF-AA05-4C1B-8299-5207CDD3833A}.Debug|Any CPU.ActiveCfg = Debug|Any CPU
		{90B68EAF-AA05-4C1B-8299-5207CDD3833A}.Debug|Any CPU.Build.0 = Debug|Any CPU
		{90B68EAF-AA05-4C1B-8299-5207CDD3833A}.Release|Any CPU.ActiveCfg = Release|Any CPU
		{90B68EAF-AA05-4C1B-8299-5207CDD3833A}.Release|Any CPU.Build.0 = Release|Any CPU
	EndGlobalSection
	GlobalSection(SolutionProperties) = preSolution
		HideSolutionNode = FALSE
	EndGlobalSection
	GlobalSection(ExtensibilityGlobals) = postSolution
		SolutionGuid = {8DF31188-A7CC-45D9-9070-17A8309E5A2B}
	EndGlobalSection
EndGlobal
